Microsoft Visual Studio Solution File, Format Version 12.00
# Visual Studio 14
VisualStudioVersion = 14.0.25420.1
MinimumVisualStudioVersion = 10.0.40219.1
Project("{FAE04EC0-301F-11D3-BF4B-00C04F79EFBC}") = "Splitit.Web.Net", "src\Splitit.Web.Net\Splitit.Web.Net.csproj", "{A983C2F8-39A7-4468-AE9E-0954E24F1B95}"
EndProject
Project("{FAE04EC0-301F-11D3-BF4B-00C04F79EFBC}") = "Splitit.Web.Net.Test", "src\Splitit.Web.Net.Test\Splitit.Web.Net.Test.csproj", "{19F1DEBC-DE5E-4517-8062-F000CD499087}"
EndProject
Global
	GlobalSection(SolutionConfigurationPlatforms) = preSolution
		Debug|Any CPU = Debug|Any CPU
		Release|Any CPU = Release|Any CPU
	EndGlobalSection
	GlobalSection(ProjectConfigurationPlatforms) = postSolution
		{A983C2F8-39A7-4468-AE9E-0954E24F1B95}.Debug|Any CPU.ActiveCfg = Debug|Any CPU
		{A983C2F8-39A7-4468-AE9E-0954E24F1B95}.Debug|Any CPU.Build.0 = Debug|Any CPU
		{A983C2F8-39A7-4468-AE9E-0954E24F1B95}.Release|Any CPU.ActiveCfg = Release|Any CPU
		{A983C2F8-39A7-4468-AE9E-0954E24F1B95}.Release|Any CPU.Build.0 = Release|Any CPU
		{19F1DEBC-DE5E-4517-8062-F000CD499087}.Debug|Any CPU.ActiveCfg = Debug|Any CPU
		{19F1DEBC-DE5E-4517-8062-F000CD499087}.Debug|Any CPU.Build.0 = Debug|Any CPU
		{19F1DEBC-DE5E-4517-8062-F000CD499087}.Release|Any CPU.ActiveCfg = Release|Any CPU
		{19F1DEBC-DE5E-4517-8062-F000CD499087}.Release|Any CPU.Build.0 = Release|Any CPU
	EndGlobalSection
	GlobalSection(SolutionProperties) = preSolution
		HideSolutionNode = FALSE
	EndGlobalSection
EndGlobal